// !$*UTF8*$!
{
	archiveVersion = 1;
	classes = {
	};
	objectVersion = 46;
	objects = {

/* Begin PBXBuildFile section */
		4B0CA4B91E42B20C00019197 /* AppDelegate.swift in Sources */ = {isa = PBXBuildFile; fileRef = 4B0CA4B81E42B20C00019197 /* AppDelegate.swift */; };
		4B0CA4BB1E42B20C00019197 /* ViewController.swift in Sources */ = {isa = PBXBuildFile; fileRef = 4B0CA4BA1E42B20C00019197 /* ViewController.swift */; };
		4B0CA4BE1E42B20C00019197 /* Main.storyboard in Resources */ = {isa = PBXBuildFile; fileRef = 4B0CA4BC1E42B20C00019197 /* Main.storyboard */; };
		4B0CA4C01E42B20C00019197 /* Assets.xcassets in Resources */ = {isa = PBXBuildFile; fileRef = 4B0CA4BF1E42B20C00019197 /* Assets.xcassets */; };
		4B0CA4C31E42B20C00019197 /* LaunchScreen.storyboard in Resources */ = {isa = PBXBuildFile; fileRef = 4B0CA4C11E42B20C00019197 /* LaunchScreen.storyboard */; };
/* End PBXBuildFile section */

/* Begin PBXFileReference section */
		4B0CA4B51E42B20C00019197 /* preencheTabela.app */ = {isa = PBXFileReference; explicitFileType = wrapper.application; includeInIndex = 0; path = preencheTabela.app; sourceTree = BUILT_PRODUCTS_DIR; };
		4B0CA4B81E42B20C00019197 /* AppDelegate.swift */ = {isa = PBXFileReference; lastKnownFileType = sourcecode.swift; path = AppDelegate.swift; sourceTree = "<group>"; };
		4B0CA4BA1E42B20C00019197 /* ViewController.swift */ = {isa = PBXFileReference; lastKnownFileType = sourcecode.swift; path = ViewController.swift; sourceTree = "<group>"; };
		4B0CA4BD1E42B20C00019197 /* Base */ = {isa = PBXFileReference; lastKnownFileType = file.storyboard; name = Base; path = Base.lproj/Main.storyboard; sourceTree = "<group>"; };
		4B0CA4BF1E42B20C00019197 /* Assets.xcassets */ = {isa = PBXFileReference; lastKnownFileType = folder.assetcatalog; path = Assets.xcassets; sourceTree = "<group>"; };
		4B0CA4C21E42B20C00019197 /* Base */ = {isa = PBXFileReference; lastKnownFileType = file.storyboard; name = Base; path = Base.lproj/LaunchScreen.storyboard; sourceTree = "<group>"; };
		4B0CA4C41E42B20C00019197 /* Info.plist */ = {isa = PBXFileReference; lastKnownFileType = text.plist.xml; path = Info.plist; sourceTree = "<group>"; };
/* End PBXFileReference section */

/* Begin PBXFrameworksBuildPhase section */
		4B0CA4B21E42B20C00019197 /* Frameworks */ = {
			isa = PBXFrameworksBuildPhase;
			buildActionMask = 2147483647;
			files = (
			);
			runOnlyForDeploymentPostprocessing = 0;
		};
/* End PBXFrameworksBuildPhase section */

/* Begin PBXGroup section */
		4B0CA4AC1E42B20C00019197 = {
			isa = PBXGroup;
			children = (
				4B0CA4B71E42B20C00019197 /* preencheTabela */,
				4B0CA4B61E42B20C00019197 /* Products */,
			);
			sourceTree = "<group>";
		};
		4B0CA4B61E42B20C00019197 /* Products */ = {
			isa = PBXGroup;
			children = (
				4B0CA4B51E42B20C00019197 /* preencheTabela.app */,
			);
			name = Products;
			sourceTree = "<group>";
		};
		4B0CA4B71E42B20C00019197 /* preencheTabela */ = {
			isa = PBXGroup;
			children = (
				4B0CA4B81E42B20C00019197 /* AppDelegate.swift */,
				4B0CA4BA1E42B20C00019197 /* ViewController.swift */,
				4B0CA4BC1E42B20C00019197 /* Main.storyboard */,
				4B0CA4BF1E42B20C00019197 /* Assets.xcassets */,
				4B0CA4C11E42B20C00019197 /* LaunchScreen.storyboard */,
				4B0CA4C41E42B20C00019197 /* Info.plist */,
			);
			path = preencheTabela;
			sourceTree = "<group>";
		};
/* End PBXGroup section */

/* Begin PBXNativeTarget section */
		4B0CA4B41E42B20C00019197 /* preencheTabela */ = {
			isa = PBXNativeTarget;
			buildConfigurationList = 4B0CA4C71E42B20C00019197 /* Build configuration list for PBXNativeTarget "preencheTabela" */;
			buildPhases = (
				4B0CA4B11E42B20C00019197 /* Sources */,
				4B0CA4B21E42B20C00019197 /* Frameworks */,
				4B0CA4B31E42B20C00019197 /* Resources */,
			);
			buildRules = (
			);
			dependencies = (
			);
			name = preencheTabela;
			productName = preencheTabela;
			productReference = 4B0CA4B51E42B20C00019197 /* preencheTabela.app */;
			productType = "com.apple.product-type.application";
		};
/* End PBXNativeTarget section */

/* Begin PBXProject section */
		4B0CA4AD1E42B20C00019197 /* Project object */ = {
			isa = PBXProject;
			attributes = {
				LastSwiftUpdateCheck = 0820;
				LastUpgradeCheck = 0820;
				ORGANIZATIONNAME = Vale;
				TargetAttributes = {
					4B0CA4B41E42B20C00019197 = {
						CreatedOnToolsVersion = 8.2.1;
						DevelopmentTeam = 25U2VBST95;
						ProvisioningStyle = Automatic;
					};
				};
			};
			buildConfigurationList = 4B0CA4B01E42B20C00019197 /* Build configuration list for PBXProject "preencheTabela" */;
			compatibilityVersion = "Xcode 3.2";
			developmentRegion = English;
			hasScannedForEncodings = 0;
			knownRegions = (
				en,
				Base,
			);
			mainGroup = 4B0CA4AC1E42B20C00019197;
			productRefGroup = 4B0CA4B61E42B20C00019197 /* Products */;
			projectDirPath = "";
			projectRoot = "";
			targets = (
				4B0CA4B41E42B20C00019197 /* preencheTabela */,
			);
		};
/* End PBXProject section */

/* Begin PBXResourcesBuildPhase section */
		4B0CA4B31E42B20C00019197 /* Resources */ = {
			isa = PBXResourcesBuildPhase;
			buildActionMask = 2147483647;
			files = (
				4B0CA4C31E42B20C00019197 /* LaunchScreen.storyboard in Resources */,
				4B0CA4C01E42B20C00019197 /* Assets.xcassets in Resources */,
				4B0CA4BE1E42B20C00019197 /* Main.storyboard in Resources */,
			);
			runOnlyForDeploymentPostprocessing = 0;
		};
/* End PBXResourcesBuildPhase section */

/* Begin PBXSourcesBuildPhase section */
		4B0CA4B11E42B20C00019197 /* Sources */ = {
			isa = PBXSourcesBuildPhase;
			buildActionMask = 2147483647;
			files = (
				4B0CA4BB1E42B20C00019197 /* ViewController.swift in Sources */,
				4B0CA4B91E42B20C00019197 /* AppDelegate.swift in Sources */,
			);
			runOnlyForDeploymentPostprocessing = 0;
		};
/* End PBXSourcesBuildPhase section */

/* Begin PBXVariantGroup section */
		4B0CA4BC1E42B20C00019197 /* Main.storyboard */ = {
			isa = PBXVariantGroup;
			children = (
				4B0CA4BD1E42B20C00019197 /* Base */,
			);
			name = Main.storyboard;
			sourceTree = "<group>";
		};
		4B0CA4C11E42B20C00019197 /* LaunchScreen.storyboard */ = {
			isa = PBXVariantGroup;
			children = (
				4B0CA4C21E42B20C00019197 /* Base */,
			);
			name = LaunchScreen.storyboard;
			sourceTree = "<group>";
		};
/* End PBXVariantGroup section */

/* Begin XCBuildConfiguration section */
		4B0CA4C51E42B20C00019197 /* Debug */ = {
			isa = XCBuildConfiguration;
			buildSettings = {
				ALWAYS_SEARCH_USER_PATHS = NO;
				CLANG_ANALYZER_NONNULL = YES;
				CLANG_CXX_LANGUAGE_STANDARD = "gnu++0x";
				CLANG_CXX_LIBRARY = "libc++";
				CLANG_ENABLE_MODULES = YES;
				CLANG_ENABLE_OBJC_ARC = YES;
				CLANG_WARN_BOOL_CONVERSION = YES;
				CLANG_WARN_CONSTANT_CONVERSION = YES;
				CLANG_WARN_DIRECT_OBJC_ISA_USAGE = YES_ERROR;
				CLANG_WARN_DOCUMENTATION_COMMENTS = YES;
				CLANG_WARN_EMPTY_BODY = YES;
				CLANG_WARN_ENUM_CONVERSION = YES;
				CLANG_WARN_INFINITE_RECURSION = YES;
				CLANG_WARN_INT_CONVERSION = YES;
				CLANG_WARN_OBJC_ROOT_CLASS = YES_ERROR;
				CLANG_WARN_SUSPICIOUS_MOVE = YES;
				CLANG_WARN_UNREACHABLE_CODE = YES;
				CLANG_WARN__DUPLICATE_METHOD_MATCH = YES;
				"CODE_SIGN_IDENTITY[sdk=iphoneos*]" = "iPhone Developer";
				COPY_PHASE_STRIP = NO;
				DEBUG_INFORMATION_FORMAT = dwarf;
				ENABLE_STRICT_OBJC_MSGSEND = YES;
				ENABLE_TESTABILITY = YES;
				GCC_C_LANGUAGE_STANDARD = gnu99;
				GCC_DYNAMIC_NO_PIC = NO;
				GCC_NO_COMMON_BLOCKS = YES;
				GCC_OPTIMIZATION_LEVEL = 0;
				GCC_PREPROCESSOR_DEFINITIONS = (
					"DEBUG=1",
					"$(inherited)",
				);
				GCC_WARN_64_TO_32_BIT_CONVERSION = YES;
				GCC_WARN_ABOUT_RETURN_TYPE = YES_ERROR;
				GCC_WARN_UNDECLARED_SELECTOR = YES;
				GCC_WARN_UNINITIALIZED_AUTOS = YES_AGGRESSIVE;
				GCC_WARN_UNUSED_FUNCTION = YES;
				GCC_WARN_UNUSED_VARIABLE = YES;
				IPHONEOS_DEPLOYMENT_TARGET = 10.2;
				MTL_ENABLE_DEBUG_INFO = YES;
				ONLY_ACTIVE_ARCH = YES;
				SDKROOT = iphoneos;
				SWIFT_ACTIVE_COMPILATION_CONDITIONS = DEBUG;
				SWIFT_OPTIMIZATION_LEVEL = "-Onone";
			};
			name = Debug;
		};
		4B0CA4C61E42B20C00019197 /* Release */ = {
			isa = XCBuildConfiguration;
			buildSettings = {
				ALWAYS_SEARCH_USER_PATHS = NO;
				CLANG_ANALYZER_NONNULL = YES;
				CLANG_CXX_LANGUAGE_STANDARD = "gnu++0x";
				CLANG_CXX_LIBRARY = "libc++";
				CLANG_ENABLE_MODULES = YES;
				CLANG_ENABLE_OBJC_ARC = YES;
				CLANG_WARN_BOOL_CONVERSION = YES;
				CLANG_WARN_CONSTANT_CONVERSION = YES;
				CLANG_WARN_DIRECT_OBJC_ISA_USAGE = YES_ERROR;
				CLANG_WARN_DOCUMENTATION_COMMENTS = YES;
				CLANG_WARN_EMPTY_BODY = YES;
				CLANG_WARN_ENUM_CONVERSION = YES;
				CLANG_WARN_INFINITE_RECURSION = YES;
				CLANG_WARN_INT_CONVERSION = YES;
				CLANG_WARN_OBJC_ROOT_CLASS = YES_ERROR;
				CLANG_WARN_SUSPICIOUS_MOVE = YES;
				CLANG_WARN_UNREACHABLE_CODE = YES;
				CLANG_WARN__DUPLICATE_METHOD_MATCH = YES;
				"CODE_SIGN_IDENTITY[sdk=iphoneos*]" = "iPhone Developer";
				COPY_PHASE_STRIP = NO;
				DEBUG_INFORMATION_FORMAT = "dwarf-with-dsym";
				ENABLE_NS_ASSERTIONS = NO;
				ENABLE_STRICT_OBJC_MSGSEND = YES;
				GCC_C_LANGUAGE_STANDARD = gnu99;
				GCC_NO_COMMON_BLOCKS = YES;
				GCC_WARN_64_TO_32_BIT_CONVERSION = YES;
				GCC_WARN_ABOUT_RETURN_TYPE = YES_ERROR;
				GCC_WARN_UNDECLARED_SELECTOR = YES;
				GCC_WARN_UNINITIALIZED_AUTOS = YES_AGGRESSIVE;
				GCC_WARN_UNUSED_FUNCTION = YES;
				GCC_WARN_UNUSED_VARIABLE = YES;
				IPHONEOS_DEPLOYMENT_TARGET = 10.2;
				MTL_ENABLE_DEBUG_INFO = NO;
				SDKROOT = iphoneos;
				SWIFT_OPTIMIZATION_LEVEL = "-Owholemodule";
				VALIDATE_PRODUCT = YES;
			};
			name = Release;
		};
		4B0CA4C81E42B20C00019197 /* Debug */ = {
			isa = XCBuildConfiguration;
			buildSettings = {
				ASSETCATALOG_COMPILER_APPICON_NAME = AppIcon;
				DEVELOPMENT_TEAM = 25U2VBST95;
				INFOPLIST_FILE = preencheTabela/Info.plist;
				LD_RUNPATH_SEARCH_PATHS = "$(inherited) @executable_path/Frameworks";
				PRODUCT_BUNDLE_IDENTIFIER = Vale.preencheTabela;
				PRODUCT_NAME = "$(TARGET_NAME)";
				SWIFT_VERSION = 3.0;
			};
			name = Debug;
		};
		4B0CA4C91E42B20C00019197 /* Release */ = {
			isa = XCBuildConfiguration;
			buildSettings = {
				ASSETCATALOG_COMPILER_APPICON_NAME = AppIcon;
				DEVELOPMENT_TEAM = 25U2VBST95;
				INFOPLIST_FILE = preencheTabela/Info.plist;
				LD_RUNPATH_SEARCH_PATHS = "$(inherited) @executable_path/Frameworks";
				PRODUCT_BUNDLE_IDENTIFIER = Vale.preencheTabela;
				PRODUCT_NAME = "$(TARGET_NAME)";
				SWIFT_VERSION = 3.0;
			};
			name = Release;
		};
/* End XCBuildConfiguration section */

/* Begin XCConfigurationList section */
		4B0CA4B01E42B20C00019197 /* Build configuration list for PBXProject "preencheTabela" */ = {
			isa = XCConfigurationList;
			buildConfigurations = (
				4B0CA4C51E42B20C00019197 /* Debug */,
				4B0CA4C61E42B20C00019197 /* Release */,
			);
			defaultConfigurationIsVisible = 0;
			defaultConfigurationName = Release;
		};
		4B0CA4C71E42B20C00019197 /* Build configuration list for PBXNativeTarget "preencheTabela" */ = {
			isa = XCConfigurationList;
			buildConfigurations = (
				4B0CA4C81E42B20C00019197 /* Debug */,
				4B0CA4C91E42B20C00019197 /* Release */,
			);
			defaultConfigurationIsVisible = 0;
		};
/* End XCConfigurationList section */
	};
	rootObject = 4B0CA4AD1E42B20C00019197 /* Project object */;
}
