// !$*UTF8*$!
{
	archiveVersion = 1;
	classes = {
	};
	objectVersion = 46;
	objects = {

/* Begin PBXBuildFile section */
		4BADC8481E42A3F600DF731B /* AppDelegate.swift in Sources */ = {isa = PBXBuildFile; fileRef = 4BADC8471E42A3F600DF731B /* AppDelegate.swift */; };
		4BADC84A1E42A3F600DF731B /* ViewController.swift in Sources */ = {isa = PBXBuildFile; fileRef = 4BADC8491E42A3F600DF731B /* ViewController.swift */; };
		4BADC84D1E42A3F600DF731B /* Main.storyboard in Resources */ = {isa = PBXBuildFile; fileRef = 4BADC84B1E42A3F600DF731B /* Main.storyboard */; };
		4BADC84F1E42A3F600DF731B /* Assets.xcassets in Resources */ = {isa = PBXBuildFile; fileRef = 4BADC84E1E42A3F600DF731B /* Assets.xcassets */; };
		4BADC8521E42A3F600DF731B /* LaunchScreen.storyboard in Resources */ = {isa = PBXBuildFile; fileRef = 4BADC8501E42A3F600DF731B /* LaunchScreen.storyboard */; };
/* End PBXBuildFile section */

/* Begin PBXFileReference section */
		4BADC8441E42A3F600DF731B /* rede.app */ = {isa = PBXFileReference; explicitFileType = wrapper.application; includeInIndex = 0; path = rede.app; sourceTree = BUILT_PRODUCTS_DIR; };
		4BADC8471E42A3F600DF731B /* AppDelegate.swift */ = {isa = PBXFileReference; lastKnownFileType = sourcecode.swift; path = AppDelegate.swift; sourceTree = "<group>"; };
		4BADC8491E42A3F600DF731B /* ViewController.swift */ = {isa = PBXFileReference; lastKnownFileType = sourcecode.swift; path = ViewController.swift; sourceTree = "<group>"; };
		4BADC84C1E42A3F600DF731B /* Base */ = {isa = PBXFileReference; lastKnownFileType = file.storyboard; name = Base; path = Base.lproj/Main.storyboard; sourceTree = "<group>"; };
		4BADC84E1E42A3F600DF731B /* Assets.xcassets */ = {isa = PBXFileReference; lastKnownFileType = folder.assetcatalog; path = Assets.xcassets; sourceTree = "<group>"; };
		4BADC8511E42A3F600DF731B /* Base */ = {isa = PBXFileReference; lastKnownFileType = file.storyboard; name = Base; path = Base.lproj/LaunchScreen.storyboard; sourceTree = "<group>"; };
		4BADC8531E42A3F600DF731B /* Info.plist */ = {isa = PBXFileReference; lastKnownFileType = text.plist.xml; path = Info.plist; sourceTree = "<group>"; };
/* End PBXFileReference section */

/* Begin PBXFrameworksBuildPhase section */
		4BADC8411E42A3F600DF731B /* Frameworks */ = {
			isa = PBXFrameworksBuildPhase;
			buildActionMask = 2147483647;
			files = (
			);
			runOnlyForDeploymentPostprocessing = 0;
		};
/* End PBXFrameworksBuildPhase section */

/* Begin PBXGroup section */
		4BADC83B1E42A3F600DF731B = {
			isa = PBXGroup;
			children = (
				4BADC8461E42A3F600DF731B /* rede */,
				4BADC8451E42A3F600DF731B /* Products */,
			);
			sourceTree = "<group>";
		};
		4BADC8451E42A3F600DF731B /* Products */ = {
			isa = PBXGroup;
			children = (
				4BADC8441E42A3F600DF731B /* rede.app */,
			);
			name = Products;
			sourceTree = "<group>";
		};
		4BADC8461E42A3F600DF731B /* rede */ = {
			isa = PBXGroup;
			children = (
				4BADC8471E42A3F600DF731B /* AppDelegate.swift */,
				4BADC8491E42A3F600DF731B /* ViewController.swift */,
				4BADC84B1E42A3F600DF731B /* Main.storyboard */,
				4BADC84E1E42A3F600DF731B /* Assets.xcassets */,
				4BADC8501E42A3F600DF731B /* LaunchScreen.storyboard */,
				4BADC8531E42A3F600DF731B /* Info.plist */,
			);
			path = rede;
			sourceTree = "<group>";
		};
/* End PBXGroup section */

/* Begin PBXNativeTarget section */
		4BADC8431E42A3F600DF731B /* rede */ = {
			isa = PBXNativeTarget;
			buildConfigurationList = 4BADC8561E42A3F600DF731B /* Build configuration list for PBXNativeTarget "rede" */;
			buildPhases = (
				4BADC8401E42A3F600DF731B /* Sources */,
				4BADC8411E42A3F600DF731B /* Frameworks */,
				4BADC8421E42A3F600DF731B /* Resources */,
			);
			buildRules = (
			);
			dependencies = (
			);
			name = rede;
			productName = rede;
			productReference = 4BADC8441E42A3F600DF731B /* rede.app */;
			productType = "com.apple.product-type.application";
		};
/* End PBXNativeTarget section */

/* Begin PBXProject section */
		4BADC83C1E42A3F600DF731B /* Project object */ = {
			isa = PBXProject;
			attributes = {
				LastSwiftUpdateCheck = 0820;
				LastUpgradeCheck = 0820;
				ORGANIZATIONNAME = Vale;
				TargetAttributes = {
					4BADC8431E42A3F600DF731B = {
						CreatedOnToolsVersion = 8.2.1;
						DevelopmentTeam = 25U2VBST95;
						ProvisioningStyle = Automatic;
					};
				};
			};
			buildConfigurationList = 4BADC83F1E42A3F600DF731B /* Build configuration list for PBXProject "rede" */;
			compatibilityVersion = "Xcode 3.2";
			developmentRegion = English;
			hasScannedForEncodings = 0;
			knownRegions = (
				en,
				Base,
			);
			mainGroup = 4BADC83B1E42A3F600DF731B;
			productRefGroup = 4BADC8451E42A3F600DF731B /* Products */;
			projectDirPath = "";
			projectRoot = "";
			targets = (
				4BADC8431E42A3F600DF731B /* rede */,
			);
		};
/* End PBXProject section */

/* Begin PBXResourcesBuildPhase section */
		4BADC8421E42A3F600DF731B /* Resources */ = {
			isa = PBXResourcesBuildPhase;
			buildActionMask = 2147483647;
			files = (
				4BADC8521E42A3F600DF731B /* LaunchScreen.storyboard in Resources */,
				4BADC84F1E42A3F600DF731B /* Assets.xcassets in Resources */,
				4BADC84D1E42A3F600DF731B /* Main.storyboard in Resources */,
			);
			runOnlyForDeploymentPostprocessing = 0;
		};
/* End PBXResourcesBuildPhase section */

/* Begin PBXSourcesBuildPhase section */
		4BADC8401E42A3F600DF731B /* Sources */ = {
			isa = PBXSourcesBuildPhase;
			buildActionMask = 2147483647;
			files = (
				4BADC84A1E42A3F600DF731B /* ViewController.swift in Sources */,
				4BADC8481E42A3F600DF731B /* AppDelegate.swift in Sources */,
			);
			runOnlyForDeploymentPostprocessing = 0;
		};
/* End PBXSourcesBuildPhase section */

/* Begin PBXVariantGroup section */
		4BADC84B1E42A3F600DF731B /* Main.storyboard */ = {
			isa = PBXVariantGroup;
			children = (
				4BADC84C1E42A3F600DF731B /* Base */,
			);
			name = Main.storyboard;
			sourceTree = "<group>";
		};
		4BADC8501E42A3F600DF731B /* LaunchScreen.storyboard */ = {
			isa = PBXVariantGroup;
			children = (
				4BADC8511E42A3F600DF731B /* Base */,
			);
			name = LaunchScreen.storyboard;
			sourceTree = "<group>";
		};
/* End PBXVariantGroup section */

/* Begin XCBuildConfiguration section */
		4BADC8541E42A3F600DF731B /* Debug */ = {
			isa = XCBuildConfiguration;
			buildSettings = {
				ALWAYS_SEARCH_USER_PATHS = NO;
				CLANG_ANALYZER_NONNULL = YES;
				CLANG_CXX_LANGUAGE_STANDARD = "gnu++0x";
				CLANG_CXX_LIBRARY = "libc++";
				CLANG_ENABLE_MODULES = YES;
				CLANG_ENABLE_OBJC_ARC = YES;
				CLANG_WARN_BOOL_CONVERSION = YES;
				CLANG_WARN_CONSTANT_CONVERSION = YES;
				CLANG_WARN_DIRECT_OBJC_ISA_USAGE = YES_ERROR;
				CLANG_WARN_DOCUMENTATION_COMMENTS = YES;
				CLANG_WARN_EMPTY_BODY = YES;
				CLANG_WARN_ENUM_CONVERSION = YES;
				CLANG_WARN_INFINITE_RECURSION = YES;
				CLANG_WARN_INT_CONVERSION = YES;
				CLANG_WARN_OBJC_ROOT_CLASS = YES_ERROR;
				CLANG_WARN_SUSPICIOUS_MOVE = YES;
				CLANG_WARN_UNREACHABLE_CODE = YES;
				CLANG_WARN__DUPLICATE_METHOD_MATCH = YES;
				"CODE_SIGN_IDENTITY[sdk=iphoneos*]" = "iPhone Developer";
				COPY_PHASE_STRIP = NO;
				DEBUG_INFORMATION_FORMAT = dwarf;
				ENABLE_STRICT_OBJC_MSGSEND = YES;
				ENABLE_TESTABILITY = YES;
				GCC_C_LANGUAGE_STANDARD = gnu99;
				GCC_DYNAMIC_NO_PIC = NO;
				GCC_NO_COMMON_BLOCKS = YES;
				GCC_OPTIMIZATION_LEVEL = 0;
				GCC_PREPROCESSOR_DEFINITIONS = (
					"DEBUG=1",
					"$(inherited)",
				);
				GCC_WARN_64_TO_32_BIT_CONVERSION = YES;
				GCC_WARN_ABOUT_RETURN_TYPE = YES_ERROR;
				GCC_WARN_UNDECLARED_SELECTOR = YES;
				GCC_WARN_UNINITIALIZED_AUTOS = YES_AGGRESSIVE;
				GCC_WARN_UNUSED_FUNCTION = YES;
				GCC_WARN_UNUSED_VARIABLE = YES;
				IPHONEOS_DEPLOYMENT_TARGET = 10.2;
				MTL_ENABLE_DEBUG_INFO = YES;
				ONLY_ACTIVE_ARCH = YES;
				SDKROOT = iphoneos;
				SWIFT_ACTIVE_COMPILATION_CONDITIONS = DEBUG;
				SWIFT_OPTIMIZATION_LEVEL = "-Onone";
			};
			name = Debug;
		};
		4BADC8551E42A3F600DF731B /* Release */ = {
			isa = XCBuildConfiguration;
			buildSettings = {
				ALWAYS_SEARCH_USER_PATHS = NO;
				CLANG_ANALYZER_NONNULL = YES;
				CLANG_CXX_LANGUAGE_STANDARD = "gnu++0x";
				CLANG_CXX_LIBRARY = "libc++";
				CLANG_ENABLE_MODULES = YES;
				CLANG_ENABLE_OBJC_ARC = YES;
				CLANG_WARN_BOOL_CONVERSION = YES;
				CLANG_WARN_CONSTANT_CONVERSION = YES;
				CLANG_WARN_DIRECT_OBJC_ISA_USAGE = YES_ERROR;
				CLANG_WARN_DOCUMENTATION_COMMENTS = YES;
				CLANG_WARN_EMPTY_BODY = YES;
				CLANG_WARN_ENUM_CONVERSION = YES;
				CLANG_WARN_INFINITE_RECURSION = YES;
				CLANG_WARN_INT_CONVERSION = YES;
				CLANG_WARN_OBJC_ROOT_CLASS = YES_ERROR;
				CLANG_WARN_SUSPICIOUS_MOVE = YES;
				CLANG_WARN_UNREACHABLE_CODE = YES;
				CLANG_WARN__DUPLICATE_METHOD_MATCH = YES;
				"CODE_SIGN_IDENTITY[sdk=iphoneos*]" = "iPhone Developer";
				COPY_PHASE_STRIP = NO;
				DEBUG_INFORMATION_FORMAT = "dwarf-with-dsym";
				ENABLE_NS_ASSERTIONS = NO;
				ENABLE_STRICT_OBJC_MSGSEND = YES;
				GCC_C_LANGUAGE_STANDARD = gnu99;
				GCC_NO_COMMON_BLOCKS = YES;
				GCC_WARN_64_TO_32_BIT_CONVERSION = YES;
				GCC_WARN_ABOUT_RETURN_TYPE = YES_ERROR;
				GCC_WARN_UNDECLARED_SELECTOR = YES;
				GCC_WARN_UNINITIALIZED_AUTOS = YES_AGGRESSIVE;
				GCC_WARN_UNUSED_FUNCTION = YES;
				GCC_WARN_UNUSED_VARIABLE = YES;
				IPHONEOS_DEPLOYMENT_TARGET = 10.2;
				MTL_ENABLE_DEBUG_INFO = NO;
				SDKROOT = iphoneos;
				SWIFT_OPTIMIZATION_LEVEL = "-Owholemodule";
				VALIDATE_PRODUCT = YES;
			};
			name = Release;
		};
		4BADC8571E42A3F600DF731B /* Debug */ = {
			isa = XCBuildConfiguration;
			buildSettings = {
				ASSETCATALOG_COMPILER_APPICON_NAME = AppIcon;
				DEVELOPMENT_TEAM = 25U2VBST95;
				INFOPLIST_FILE = rede/Info.plist;
				LD_RUNPATH_SEARCH_PATHS = "$(inherited) @executable_path/Frameworks";
				PRODUCT_BUNDLE_IDENTIFIER = Vale.rede;
				PRODUCT_NAME = "$(TARGET_NAME)";
				SWIFT_VERSION = 3.0;
			};
			name = Debug;
		};
		4BADC8581E42A3F600DF731B /* Release */ = {
			isa = XCBuildConfiguration;
			buildSettings = {
				ASSETCATALOG_COMPILER_APPICON_NAME = AppIcon;
				DEVELOPMENT_TEAM = 25U2VBST95;
				INFOPLIST_FILE = rede/Info.plist;
				LD_RUNPATH_SEARCH_PATHS = "$(inherited) @executable_path/Frameworks";
				PRODUCT_BUNDLE_IDENTIFIER = Vale.rede;
				PRODUCT_NAME = "$(TARGET_NAME)";
				SWIFT_VERSION = 3.0;
			};
			name = Release;
		};
/* End XCBuildConfiguration section */

/* Begin XCConfigurationList section */
		4BADC83F1E42A3F600DF731B /* Build configuration list for PBXProject "rede" */ = {
			isa = XCConfigurationList;
			buildConfigurations = (
				4BADC8541E42A3F600DF731B /* Debug */,
				4BADC8551E42A3F600DF731B /* Release */,
			);
			defaultConfigurationIsVisible = 0;
			defaultConfigurationName = Release;
		};
		4BADC8561E42A3F600DF731B /* Build configuration list for PBXNativeTarget "rede" */ = {
			isa = XCConfigurationList;
			buildConfigurations = (
				4BADC8571E42A3F600DF731B /* Debug */,
				4BADC8581E42A3F600DF731B /* Release */,
			);
			defaultConfigurationIsVisible = 0;
		};
/* End XCConfigurationList section */
	};
	rootObject = 4BADC83C1E42A3F600DF731B /* Project object */;
}
