// !$*UTF8*$!
{
	archiveVersion = 1;
	classes = {
	};
	objectVersion = 46;
	objects = {

/* Begin PBXBuildFile section */
		4BFB1C9B1E4168AA0090620A /* AppDelegate.swift in Sources */ = {isa = PBXBuildFile; fileRef = 4BFB1C9A1E4168AA0090620A /* AppDelegate.swift */; };
		4BFB1C9D1E4168AA0090620A /* ViewController.swift in Sources */ = {isa = PBXBuildFile; fileRef = 4BFB1C9C1E4168AA0090620A /* ViewController.swift */; };
		4BFB1CA01E4168AA0090620A /* Main.storyboard in Resources */ = {isa = PBXBuildFile; fileRef = 4BFB1C9E1E4168AA0090620A /* Main.storyboard */; };
		4BFB1CA21E4168AA0090620A /* Assets.xcassets in Resources */ = {isa = PBXBuildFile; fileRef = 4BFB1CA11E4168AA0090620A /* Assets.xcassets */; };
		4BFB1CA51E4168AA0090620A /* LaunchScreen.storyboard in Resources */ = {isa = PBXBuildFile; fileRef = 4BFB1CA31E4168AA0090620A /* LaunchScreen.storyboard */; };
/* End PBXBuildFile section */

/* Begin PBXFileReference section */
		4BFB1C971E4168AA0090620A /* slider.app */ = {isa = PBXFileReference; explicitFileType = wrapper.application; includeInIndex = 0; path = slider.app; sourceTree = BUILT_PRODUCTS_DIR; };
		4BFB1C9A1E4168AA0090620A /* AppDelegate.swift */ = {isa = PBXFileReference; lastKnownFileType = sourcecode.swift; path = AppDelegate.swift; sourceTree = "<group>"; };
		4BFB1C9C1E4168AA0090620A /* ViewController.swift */ = {isa = PBXFileReference; lastKnownFileType = sourcecode.swift; path = ViewController.swift; sourceTree = "<group>"; };
		4BFB1C9F1E4168AA0090620A /* Base */ = {isa = PBXFileReference; lastKnownFileType = file.storyboard; name = Base; path = Base.lproj/Main.storyboard; sourceTree = "<group>"; };
		4BFB1CA11E4168AA0090620A /* Assets.xcassets */ = {isa = PBXFileReference; lastKnownFileType = folder.assetcatalog; path = Assets.xcassets; sourceTree = "<group>"; };
		4BFB1CA41E4168AA0090620A /* Base */ = {isa = PBXFileReference; lastKnownFileType = file.storyboard; name = Base; path = Base.lproj/LaunchScreen.storyboard; sourceTree = "<group>"; };
		4BFB1CA61E4168AA0090620A /* Info.plist */ = {isa = PBXFileReference; lastKnownFileType = text.plist.xml; path = Info.plist; sourceTree = "<group>"; };
/* End PBXFileReference section */

/* Begin PBXFrameworksBuildPhase section */
		4BFB1C941E4168AA0090620A /* Frameworks */ = {
			isa = PBXFrameworksBuildPhase;
			buildActionMask = 2147483647;
			files = (
			);
			runOnlyForDeploymentPostprocessing = 0;
		};
/* End PBXFrameworksBuildPhase section */

/* Begin PBXGroup section */
		4BFB1C8E1E4168AA0090620A = {
			isa = PBXGroup;
			children = (
				4BFB1C991E4168AA0090620A /* slider */,
				4BFB1C981E4168AA0090620A /* Products */,
			);
			sourceTree = "<group>";
		};
		4BFB1C981E4168AA0090620A /* Products */ = {
			isa = PBXGroup;
			children = (
				4BFB1C971E4168AA0090620A /* slider.app */,
			);
			name = Products;
			sourceTree = "<group>";
		};
		4BFB1C991E4168AA0090620A /* slider */ = {
			isa = PBXGroup;
			children = (
				4BFB1C9A1E4168AA0090620A /* AppDelegate.swift */,
				4BFB1C9C1E4168AA0090620A /* ViewController.swift */,
				4BFB1C9E1E4168AA0090620A /* Main.storyboard */,
				4BFB1CA11E4168AA0090620A /* Assets.xcassets */,
				4BFB1CA31E4168AA0090620A /* LaunchScreen.storyboard */,
				4BFB1CA61E4168AA0090620A /* Info.plist */,
			);
			path = slider;
			sourceTree = "<group>";
		};
/* End PBXGroup section */

/* Begin PBXNativeTarget section */
		4BFB1C961E4168AA0090620A /* slider */ = {
			isa = PBXNativeTarget;
			buildConfigurationList = 4BFB1CA91E4168AA0090620A /* Build configuration list for PBXNativeTarget "slider" */;
			buildPhases = (
				4BFB1C931E4168AA0090620A /* Sources */,
				4BFB1C941E4168AA0090620A /* Frameworks */,
				4BFB1C951E4168AA0090620A /* Resources */,
			);
			buildRules = (
			);
			dependencies = (
			);
			name = slider;
			productName = slider;
			productReference = 4BFB1C971E4168AA0090620A /* slider.app */;
			productType = "com.apple.product-type.application";
		};
/* End PBXNativeTarget section */

/* Begin PBXProject section */
		4BFB1C8F1E4168AA0090620A /* Project object */ = {
			isa = PBXProject;
			attributes = {
				LastSwiftUpdateCheck = 0820;
				LastUpgradeCheck = 0820;
				ORGANIZATIONNAME = Vale;
				TargetAttributes = {
					4BFB1C961E4168AA0090620A = {
						CreatedOnToolsVersion = 8.2.1;
						DevelopmentTeam = 25U2VBST95;
						ProvisioningStyle = Automatic;
					};
				};
			};
			buildConfigurationList = 4BFB1C921E4168AA0090620A /* Build configuration list for PBXProject "slider" */;
			compatibilityVersion = "Xcode 3.2";
			developmentRegion = English;
			hasScannedForEncodings = 0;
			knownRegions = (
				en,
				Base,
			);
			mainGroup = 4BFB1C8E1E4168AA0090620A;
			productRefGroup = 4BFB1C981E4168AA0090620A /* Products */;
			projectDirPath = "";
			projectRoot = "";
			targets = (
				4BFB1C961E4168AA0090620A /* slider */,
			);
		};
/* End PBXProject section */

/* Begin PBXResourcesBuildPhase section */
		4BFB1C951E4168AA0090620A /* Resources */ = {
			isa = PBXResourcesBuildPhase;
			buildActionMask = 2147483647;
			files = (
				4BFB1CA51E4168AA0090620A /* LaunchScreen.storyboard in Resources */,
				4BFB1CA21E4168AA0090620A /* Assets.xcassets in Resources */,
				4BFB1CA01E4168AA0090620A /* Main.storyboard in Resources */,
			);
			runOnlyForDeploymentPostprocessing = 0;
		};
/* End PBXResourcesBuildPhase section */

/* Begin PBXSourcesBuildPhase section */
		4BFB1C931E4168AA0090620A /* Sources */ = {
			isa = PBXSourcesBuildPhase;
			buildActionMask = 2147483647;
			files = (
				4BFB1C9D1E4168AA0090620A /* ViewController.swift in Sources */,
				4BFB1C9B1E4168AA0090620A /* AppDelegate.swift in Sources */,
			);
			runOnlyForDeploymentPostprocessing = 0;
		};
/* End PBXSourcesBuildPhase section */

/* Begin PBXVariantGroup section */
		4BFB1C9E1E4168AA0090620A /* Main.storyboard */ = {
			isa = PBXVariantGroup;
			children = (
				4BFB1C9F1E4168AA0090620A /* Base */,
			);
			name = Main.storyboard;
			sourceTree = "<group>";
		};
		4BFB1CA31E4168AA0090620A /* LaunchScreen.storyboard */ = {
			isa = PBXVariantGroup;
			children = (
				4BFB1CA41E4168AA0090620A /* Base */,
			);
			name = LaunchScreen.storyboard;
			sourceTree = "<group>";
		};
/* End PBXVariantGroup section */

/* Begin XCBuildConfiguration section */
		4BFB1CA71E4168AA0090620A /* Debug */ = {
			isa = XCBuildConfiguration;
			buildSettings = {
				ALWAYS_SEARCH_USER_PATHS = NO;
				CLANG_ANALYZER_NONNULL = YES;
				CLANG_CXX_LANGUAGE_STANDARD = "gnu++0x";
				CLANG_CXX_LIBRARY = "libc++";
				CLANG_ENABLE_MODULES = YES;
				CLANG_ENABLE_OBJC_ARC = YES;
				CLANG_WARN_BOOL_CONVERSION = YES;
				CLANG_WARN_CONSTANT_CONVERSION = YES;
				CLANG_WARN_DIRECT_OBJC_ISA_USAGE = YES_ERROR;
				CLANG_WARN_DOCUMENTATION_COMMENTS = YES;
				CLANG_WARN_EMPTY_BODY = YES;
				CLANG_WARN_ENUM_CONVERSION = YES;
				CLANG_WARN_INFINITE_RECURSION = YES;
				CLANG_WARN_INT_CONVERSION = YES;
				CLANG_WARN_OBJC_ROOT_CLASS = YES_ERROR;
				CLANG_WARN_SUSPICIOUS_MOVE = YES;
				CLANG_WARN_UNREACHABLE_CODE = YES;
				CLANG_WARN__DUPLICATE_METHOD_MATCH = YES;
				"CODE_SIGN_IDENTITY[sdk=iphoneos*]" = "iPhone Developer";
				COPY_PHASE_STRIP = NO;
				DEBUG_INFORMATION_FORMAT = dwarf;
				ENABLE_STRICT_OBJC_MSGSEND = YES;
				ENABLE_TESTABILITY = YES;
				GCC_C_LANGUAGE_STANDARD = gnu99;
				GCC_DYNAMIC_NO_PIC = NO;
				GCC_NO_COMMON_BLOCKS = YES;
				GCC_OPTIMIZATION_LEVEL = 0;
				GCC_PREPROCESSOR_DEFINITIONS = (
					"DEBUG=1",
					"$(inherited)",
				);
				GCC_WARN_64_TO_32_BIT_CONVERSION = YES;
				GCC_WARN_ABOUT_RETURN_TYPE = YES_ERROR;
				GCC_WARN_UNDECLARED_SELECTOR = YES;
				GCC_WARN_UNINITIALIZED_AUTOS = YES_AGGRESSIVE;
				GCC_WARN_UNUSED_FUNCTION = YES;
				GCC_WARN_UNUSED_VARIABLE = YES;
				IPHONEOS_DEPLOYMENT_TARGET = 10.2;
				MTL_ENABLE_DEBUG_INFO = YES;
				ONLY_ACTIVE_ARCH = YES;
				SDKROOT = iphoneos;
				SWIFT_ACTIVE_COMPILATION_CONDITIONS = DEBUG;
				SWIFT_OPTIMIZATION_LEVEL = "-Onone";
			};
			name = Debug;
		};
		4BFB1CA81E4168AA0090620A /* Release */ = {
			isa = XCBuildConfiguration;
			buildSettings = {
				ALWAYS_SEARCH_USER_PATHS = NO;
				CLANG_ANALYZER_NONNULL = YES;
				CLANG_CXX_LANGUAGE_STANDARD = "gnu++0x";
				CLANG_CXX_LIBRARY = "libc++";
				CLANG_ENABLE_MODULES = YES;
				CLANG_ENABLE_OBJC_ARC = YES;
				CLANG_WARN_BOOL_CONVERSION = YES;
				CLANG_WARN_CONSTANT_CONVERSION = YES;
				CLANG_WARN_DIRECT_OBJC_ISA_USAGE = YES_ERROR;
				CLANG_WARN_DOCUMENTATION_COMMENTS = YES;
				CLANG_WARN_EMPTY_BODY = YES;
				CLANG_WARN_ENUM_CONVERSION = YES;
				CLANG_WARN_INFINITE_RECURSION = YES;
				CLANG_WARN_INT_CONVERSION = YES;
				CLANG_WARN_OBJC_ROOT_CLASS = YES_ERROR;
				CLANG_WARN_SUSPICIOUS_MOVE = YES;
				CLANG_WARN_UNREACHABLE_CODE = YES;
				CLANG_WARN__DUPLICATE_METHOD_MATCH = YES;
				"CODE_SIGN_IDENTITY[sdk=iphoneos*]" = "iPhone Developer";
				COPY_PHASE_STRIP = NO;
				DEBUG_INFORMATION_FORMAT = "dwarf-with-dsym";
				ENABLE_NS_ASSERTIONS = NO;
				ENABLE_STRICT_OBJC_MSGSEND = YES;
				GCC_C_LANGUAGE_STANDARD = gnu99;
				GCC_NO_COMMON_BLOCKS = YES;
				GCC_WARN_64_TO_32_BIT_CONVERSION = YES;
				GCC_WARN_ABOUT_RETURN_TYPE = YES_ERROR;
				GCC_WARN_UNDECLARED_SELECTOR = YES;
				GCC_WARN_UNINITIALIZED_AUTOS = YES_AGGRESSIVE;
				GCC_WARN_UNUSED_FUNCTION = YES;
				GCC_WARN_UNUSED_VARIABLE = YES;
				IPHONEOS_DEPLOYMENT_TARGET = 10.2;
				MTL_ENABLE_DEBUG_INFO = NO;
				SDKROOT = iphoneos;
				SWIFT_OPTIMIZATION_LEVEL = "-Owholemodule";
				VALIDATE_PRODUCT = YES;
			};
			name = Release;
		};
		4BFB1CAA1E4168AA0090620A /* Debug */ = {
			isa = XCBuildConfiguration;
			buildSettings = {
				ASSETCATALOG_COMPILER_APPICON_NAME = AppIcon;
				DEVELOPMENT_TEAM = 25U2VBST95;
				INFOPLIST_FILE = slider/Info.plist;
				LD_RUNPATH_SEARCH_PATHS = "$(inherited) @executable_path/Frameworks";
				PRODUCT_BUNDLE_IDENTIFIER = Vale.slider;
				PRODUCT_NAME = "$(TARGET_NAME)";
				SWIFT_VERSION = 3.0;
			};
			name = Debug;
		};
		4BFB1CAB1E4168AA0090620A /* Release */ = {
			isa = XCBuildConfiguration;
			buildSettings = {
				ASSETCATALOG_COMPILER_APPICON_NAME = AppIcon;
				DEVELOPMENT_TEAM = 25U2VBST95;
				INFOPLIST_FILE = slider/Info.plist;
				LD_RUNPATH_SEARCH_PATHS = "$(inherited) @executable_path/Frameworks";
				PRODUCT_BUNDLE_IDENTIFIER = Vale.slider;
				PRODUCT_NAME = "$(TARGET_NAME)";
				SWIFT_VERSION = 3.0;
			};
			name = Release;
		};
/* End XCBuildConfiguration section */

/* Begin XCConfigurationList section */
		4BFB1C921E4168AA0090620A /* Build configuration list for PBXProject "slider" */ = {
			isa = XCConfigurationList;
			buildConfigurations = (
				4BFB1CA71E4168AA0090620A /* Debug */,
				4BFB1CA81E4168AA0090620A /* Release */,
			);
			defaultConfigurationIsVisible = 0;
			defaultConfigurationName = Release;
		};
		4BFB1CA91E4168AA0090620A /* Build configuration list for PBXNativeTarget "slider" */ = {
			isa = XCConfigurationList;
			buildConfigurations = (
				4BFB1CAA1E4168AA0090620A /* Debug */,
				4BFB1CAB1E4168AA0090620A /* Release */,
			);
			defaultConfigurationIsVisible = 0;
		};
/* End XCConfigurationList section */
	};
	rootObject = 4BFB1C8F1E4168AA0090620A /* Project object */;
}
